
Microsoft Visual Studio Solution File, Format Version 12.00
# Visual Studio Version 17
VisualStudioVersion = 17.3.32922.545
MinimumVisualStudioVersion = 10.0.40219.1
Project("{FAE04EC0-301F-11D3-BF4B-00C04F79EFBC}") = "BlobApp", "BlobApp\BlobApp.csproj", "{A8039BC3-7ED4-474B-83B6-118F6A76A571}"
EndProject
Global
	GlobalSection(SolutionConfigurationPlatforms) = preSolution
		Debug|Any CPU = Debug|Any CPU
		Release|Any CPU = Release|Any CPU
	EndGlobalSection
	GlobalSection(ProjectConfigurationPlatforms) = postSolution
		{A8039BC3-7ED4-474B-83B6-118F6A76A571}.Debug|Any CPU.ActiveCfg = Debug|Any CPU
		{A8039BC3-7ED4-474B-83B6-118F6A76A571}.Debug|Any CPU.Build.0 = Debug|Any CPU
		{A8039BC3-7ED4-474B-83B6-118F6A76A571}.Release|Any CPU.ActiveCfg = Release|Any CPU
		{A8039BC3-7ED4-474B-83B6-118F6A76A571}.Release|Any CPU.Build.0 = Release|Any CPU
	EndGlobalSection
	GlobalSection(SolutionProperties) = preSolution
		HideSolutionNode = FALSE
	EndGlobalSection
	GlobalSection(ExtensibilityGlobals) = postSolution
		SolutionGuid = {DD3AF2D7-1DFD-4DD2-A4D4-AD51205C0556}
	EndGlobalSection
EndGlobal
